// !$*UTF8*$!
{
	archiveVersion = 1;
	classes = {
	};
	objectVersion = 56;
	objects = {

/* Begin PBXBuildFile section */
		01C362A62C34178600D8ED61 /* AppDelegate.swift in Sources */ = {isa = PBXBuildFile; fileRef = 01C362A52C34178600D8ED61 /* AppDelegate.swift */; };
		01C362A82C34178600D8ED61 /* SceneDelegate.swift in Sources */ = {isa = PBXBuildFile; fileRef = 01C362A72C34178600D8ED61 /* SceneDelegate.swift */; };
		01C362AA2C34178600D8ED61 /* MainViewController.swift in Sources */ = {isa = PBXBuildFile; fileRef = 01C362A92C34178600D8ED61 /* MainViewController.swift */; };
		01C362AF2C34178800D8ED61 /* Assets.xcassets in Resources */ = {isa = PBXBuildFile; fileRef = 01C362AE2C34178800D8ED61 /* Assets.xcassets */; };
		01C362B22C34178800D8ED61 /* Base in Resources */ = {isa = PBXBuildFile; fileRef = 01C362B12C34178800D8ED61 /* Base */; };
		01C362BA2C34186600D8ED61 /* BaseViewController.swift in Sources */ = {isa = PBXBuildFile; fileRef = 01C362B92C34186600D8ED61 /* BaseViewController.swift */; };
		01C362BD2C34190000D8ED61 /* SnapKit in Frameworks */ = {isa = PBXBuildFile; productRef = 01C362BC2C34190000D8ED61 /* SnapKit */; };
		01C362C02C34192400D8ED61 /* RealmSwift in Frameworks */ = {isa = PBXBuildFile; productRef = 01C362BF2C34192400D8ED61 /* RealmSwift */; };
		01FF369D2C341C17004F5F3A /* NewTodoViewController.swift in Sources */ = {isa = PBXBuildFile; fileRef = 01FF369C2C341C17004F5F3A /* NewTodoViewController.swift */; };
		01FF369F2C3428FB004F5F3A /* TodoInputView.swift in Sources */ = {isa = PBXBuildFile; fileRef = 01FF369E2C3428FB004F5F3A /* TodoInputView.swift */; };
		01FF36A12C342D1E004F5F3A /* BaseView.swift in Sources */ = {isa = PBXBuildFile; fileRef = 01FF36A02C342D1E004F5F3A /* BaseView.swift */; };
		01FF36A32C342F19004F5F3A /* Todo.swift in Sources */ = {isa = PBXBuildFile; fileRef = 01FF36A22C342F19004F5F3A /* Todo.swift */; };
/* End PBXBuildFile section */

/* Begin PBXFileReference section */
		01C362A22C34178600D8ED61 /* Reminder.app */ = {isa = PBXFileReference; explicitFileType = wrapper.application; includeInIndex = 0; path = Reminder.app; sourceTree = BUILT_PRODUCTS_DIR; };
		01C362A52C34178600D8ED61 /* AppDelegate.swift */ = {isa = PBXFileReference; lastKnownFileType = sourcecode.swift; path = AppDelegate.swift; sourceTree = "<group>"; };
		01C362A72C34178600D8ED61 /* SceneDelegate.swift */ = {isa = PBXFileReference; lastKnownFileType = sourcecode.swift; path = SceneDelegate.swift; sourceTree = "<group>"; };
		01C362A92C34178600D8ED61 /* MainViewController.swift */ = {isa = PBXFileReference; lastKnownFileType = sourcecode.swift; path = MainViewController.swift; sourceTree = "<group>"; };
		01C362AE2C34178800D8ED61 /* Assets.xcassets */ = {isa = PBXFileReference; lastKnownFileType = folder.assetcatalog; path = Assets.xcassets; sourceTree = "<group>"; };
		01C362B12C34178800D8ED61 /* Base */ = {isa = PBXFileReference; lastKnownFileType = file.storyboard; name = Base; path = Base.lproj/LaunchScreen.storyboard; sourceTree = "<group>"; };
		01C362B32C34178800D8ED61 /* Info.plist */ = {isa = PBXFileReference; lastKnownFileType = text.plist.xml; path = Info.plist; sourceTree = "<group>"; };
		01C362B92C34186600D8ED61 /* BaseViewController.swift */ = {isa = PBXFileReference; lastKnownFileType = sourcecode.swift; path = BaseViewController.swift; sourceTree = "<group>"; };
		01FF369C2C341C17004F5F3A /* NewTodoViewController.swift */ = {isa = PBXFileReference; lastKnownFileType = sourcecode.swift; path = NewTodoViewController.swift; sourceTree = "<group>"; };
		01FF369E2C3428FB004F5F3A /* TodoInputView.swift */ = {isa = PBXFileReference; lastKnownFileType = sourcecode.swift; path = TodoInputView.swift; sourceTree = "<group>"; };
		01FF36A02C342D1E004F5F3A /* BaseView.swift */ = {isa = PBXFileReference; lastKnownFileType = sourcecode.swift; path = BaseView.swift; sourceTree = "<group>"; };
		01FF36A22C342F19004F5F3A /* Todo.swift */ = {isa = PBXFileReference; lastKnownFileType = sourcecode.swift; path = Todo.swift; sourceTree = "<group>"; };
/* End PBXFileReference section */

/* Begin PBXFrameworksBuildPhase section */
		01C3629F2C34178600D8ED61 /* Frameworks */ = {
			isa = PBXFrameworksBuildPhase;
			buildActionMask = 2147483647;
			files = (
				01C362C02C34192400D8ED61 /* RealmSwift in Frameworks */,
				01C362BD2C34190000D8ED61 /* SnapKit in Frameworks */,
			);
			runOnlyForDeploymentPostprocessing = 0;
		};
/* End PBXFrameworksBuildPhase section */

/* Begin PBXGroup section */
		01C362992C34178600D8ED61 = {
			isa = PBXGroup;
			children = (
				01C362A42C34178600D8ED61 /* Reminder */,
				01C362A32C34178600D8ED61 /* Products */,
			);
			sourceTree = "<group>";
		};
		01C362A32C34178600D8ED61 /* Products */ = {
			isa = PBXGroup;
			children = (
				01C362A22C34178600D8ED61 /* Reminder.app */,
			);
			name = Products;
			sourceTree = "<group>";
		};
		01C362A42C34178600D8ED61 /* Reminder */ = {
			isa = PBXGroup;
			children = (
				01C362A52C34178600D8ED61 /* AppDelegate.swift */,
				01C362A72C34178600D8ED61 /* SceneDelegate.swift */,
				01FF36A42C343D38004F5F3A /* DataBase */,
				01FF36A62C343DA6004F5F3A /* Presentation */,
				01FF36A52C343D63004F5F3A /* Base */,
				01C362AE2C34178800D8ED61 /* Assets.xcassets */,
				01C362B02C34178800D8ED61 /* LaunchScreen.storyboard */,
				01C362B32C34178800D8ED61 /* Info.plist */,
			);
			path = Reminder;
			sourceTree = "<group>";
		};
		01FF36A42C343D38004F5F3A /* DataBase */ = {
			isa = PBXGroup;
			children = (
				01FF36A22C342F19004F5F3A /* Todo.swift */,
			);
			path = DataBase;
			sourceTree = "<group>";
		};
		01FF36A52C343D63004F5F3A /* Base */ = {
			isa = PBXGroup;
			children = (
				01C362B92C34186600D8ED61 /* BaseViewController.swift */,
				01FF36A02C342D1E004F5F3A /* BaseView.swift */,
			);
			path = Base;
			sourceTree = "<group>";
		};
		01FF36A62C343DA6004F5F3A /* Presentation */ = {
			isa = PBXGroup;
			children = (
				01C362A92C34178600D8ED61 /* MainViewController.swift */,
				01FF369C2C341C17004F5F3A /* NewTodoViewController.swift */,
				01FF369E2C3428FB004F5F3A /* TodoInputView.swift */,
			);
			path = Presentation;
			sourceTree = "<group>";
		};
/* End PBXGroup section */

/* Begin PBXNativeTarget section */
		01C362A12C34178600D8ED61 /* Reminder */ = {
			isa = PBXNativeTarget;
			buildConfigurationList = 01C362B62C34178800D8ED61 /* Build configuration list for PBXNativeTarget "Reminder" */;
			buildPhases = (
				01C3629E2C34178600D8ED61 /* Sources */,
				01C3629F2C34178600D8ED61 /* Frameworks */,
				01C362A02C34178600D8ED61 /* Resources */,
			);
			buildRules = (
			);
			dependencies = (
			);
			name = Reminder;
			packageProductDependencies = (
				01C362BC2C34190000D8ED61 /* SnapKit */,
				01C362BF2C34192400D8ED61 /* RealmSwift */,
			);
			productName = Reminder;
			productReference = 01C362A22C34178600D8ED61 /* Reminder.app */;
			productType = "com.apple.product-type.application";
		};
/* End PBXNativeTarget section */

/* Begin PBXProject section */
		01C3629A2C34178600D8ED61 /* Project object */ = {
			isa = PBXProject;
			attributes = {
				BuildIndependentTargetsInParallel = 1;
				LastSwiftUpdateCheck = 1530;
				LastUpgradeCheck = 1530;
				TargetAttributes = {
					01C362A12C34178600D8ED61 = {
						CreatedOnToolsVersion = 15.3;
					};
				};
			};
			buildConfigurationList = 01C3629D2C34178600D8ED61 /* Build configuration list for PBXProject "Reminder" */;
			compatibilityVersion = "Xcode 14.0";
			developmentRegion = en;
			hasScannedForEncodings = 0;
			knownRegions = (
				en,
				Base,
			);
			mainGroup = 01C362992C34178600D8ED61;
			packageReferences = (
				01C362BB2C34190000D8ED61 /* XCRemoteSwiftPackageReference "SnapKit" */,
				01C362BE2C34192400D8ED61 /* XCRemoteSwiftPackageReference "realm-swift" */,
			);
			productRefGroup = 01C362A32C34178600D8ED61 /* Products */;
			projectDirPath = "";
			projectRoot = "";
			targets = (
				01C362A12C34178600D8ED61 /* Reminder */,
			);
		};
/* End PBXProject section */

/* Begin PBXResourcesBuildPhase section */
		01C362A02C34178600D8ED61 /* Resources */ = {
			isa = PBXResourcesBuildPhase;
			buildActionMask = 2147483647;
			files = (
				01C362AF2C34178800D8ED61 /* Assets.xcassets in Resources */,
				01C362B22C34178800D8ED61 /* Base in Resources */,
			);
			runOnlyForDeploymentPostprocessing = 0;
		};
/* End PBXResourcesBuildPhase section */

/* Begin PBXSourcesBuildPhase section */
		01C3629E2C34178600D8ED61 /* Sources */ = {
			isa = PBXSourcesBuildPhase;
			buildActionMask = 2147483647;
			files = (
				01C362AA2C34178600D8ED61 /* MainViewController.swift in Sources */,
				01C362BA2C34186600D8ED61 /* BaseViewController.swift in Sources */,
				01C362A62C34178600D8ED61 /* AppDelegate.swift in Sources */,
				01FF36A32C342F19004F5F3A /* Todo.swift in Sources */,
				01FF369F2C3428FB004F5F3A /* TodoInputView.swift in Sources */,
				01FF36A12C342D1E004F5F3A /* BaseView.swift in Sources */,
				01FF369D2C341C17004F5F3A /* NewTodoViewController.swift in Sources */,
				01C362A82C34178600D8ED61 /* SceneDelegate.swift in Sources */,
			);
			runOnlyForDeploymentPostprocessing = 0;
		};
/* End PBXSourcesBuildPhase section */

/* Begin PBXVariantGroup section */
		01C362B02C34178800D8ED61 /* LaunchScreen.storyboard */ = {
			isa = PBXVariantGroup;
			children = (
				01C362B12C34178800D8ED61 /* Base */,
			);
			name = LaunchScreen.storyboard;
			sourceTree = "<group>";
		};
/* End PBXVariantGroup section */

/* Begin XCBuildConfiguration section */
		01C362B42C34178800D8ED61 /* Debug */ = {
			isa = XCBuildConfiguration;
			buildSettings = {
				ALWAYS_SEARCH_USER_PATHS = NO;
				ASSETCATALOG_COMPILER_GENERATE_SWIFT_ASSET_SYMBOL_EXTENSIONS = YES;
				CLANG_ANALYZER_NONNULL = YES;
				CLANG_ANALYZER_NUMBER_OBJECT_CONVERSION = YES_AGGRESSIVE;
				CLANG_CXX_LANGUAGE_STANDARD = "gnu++20";
				CLANG_ENABLE_MODULES = YES;
				CLANG_ENABLE_OBJC_ARC = YES;
				CLANG_ENABLE_OBJC_WEAK = YES;
				CLANG_WARN_BLOCK_CAPTURE_AUTORELEASING = YES;
				CLANG_WARN_BOOL_CONVERSION = YES;
				CLANG_WARN_COMMA = YES;
				CLANG_WARN_CONSTANT_CONVERSION = YES;
				CLANG_WARN_DEPRECATED_OBJC_IMPLEMENTATIONS = YES;
				CLANG_WARN_DIRECT_OBJC_ISA_USAGE = YES_ERROR;
				CLANG_WARN_DOCUMENTATION_COMMENTS = YES;
				CLANG_WARN_EMPTY_BODY = YES;
				CLANG_WARN_ENUM_CONVERSION = YES;
				CLANG_WARN_INFINITE_RECURSION = YES;
				CLANG_WARN_INT_CONVERSION = YES;
				CLANG_WARN_NON_LITERAL_NULL_CONVERSION = YES;
				CLANG_WARN_OBJC_IMPLICIT_RETAIN_SELF = YES;
				CLANG_WARN_OBJC_LITERAL_CONVERSION = YES;
				CLANG_WARN_OBJC_ROOT_CLASS = YES_ERROR;
				CLANG_WARN_QUOTED_INCLUDE_IN_FRAMEWORK_HEADER = YES;
				CLANG_WARN_RANGE_LOOP_ANALYSIS = YES;
				CLANG_WARN_STRICT_PROTOTYPES = YES;
				CLANG_WARN_SUSPICIOUS_MOVE = YES;
				CLANG_WARN_UNGUARDED_AVAILABILITY = YES_AGGRESSIVE;
				CLANG_WARN_UNREACHABLE_CODE = YES;
				CLANG_WARN__DUPLICATE_METHOD_MATCH = YES;
				COPY_PHASE_STRIP = NO;
				DEBUG_INFORMATION_FORMAT = dwarf;
				ENABLE_STRICT_OBJC_MSGSEND = YES;
				ENABLE_TESTABILITY = YES;
				ENABLE_USER_SCRIPT_SANDBOXING = YES;
				GCC_C_LANGUAGE_STANDARD = gnu17;
				GCC_DYNAMIC_NO_PIC = NO;
				GCC_NO_COMMON_BLOCKS = YES;
				GCC_OPTIMIZATION_LEVEL = 0;
				GCC_PREPROCESSOR_DEFINITIONS = (
					"DEBUG=1",
					"$(inherited)",
				);
				GCC_WARN_64_TO_32_BIT_CONVERSION = YES;
				GCC_WARN_ABOUT_RETURN_TYPE = YES_ERROR;
				GCC_WARN_UNDECLARED_SELECTOR = YES;
				GCC_WARN_UNINITIALIZED_AUTOS = YES_AGGRESSIVE;
				GCC_WARN_UNUSED_FUNCTION = YES;
				GCC_WARN_UNUSED_VARIABLE = YES;
				IPHONEOS_DEPLOYMENT_TARGET = 17.4;
				LOCALIZATION_PREFERS_STRING_CATALOGS = YES;
				MTL_ENABLE_DEBUG_INFO = INCLUDE_SOURCE;
				MTL_FAST_MATH = YES;
				ONLY_ACTIVE_ARCH = YES;
				SDKROOT = iphoneos;
				SWIFT_ACTIVE_COMPILATION_CONDITIONS = "DEBUG $(inherited)";
				SWIFT_OPTIMIZATION_LEVEL = "-Onone";
			};
			name = Debug;
		};
		01C362B52C34178800D8ED61 /* Release */ = {
			isa = XCBuildConfiguration;
			buildSettings = {
				ALWAYS_SEARCH_USER_PATHS = NO;
				ASSETCATALOG_COMPILER_GENERATE_SWIFT_ASSET_SYMBOL_EXTENSIONS = YES;
				CLANG_ANALYZER_NONNULL = YES;
				CLANG_ANALYZER_NUMBER_OBJECT_CONVERSION = YES_AGGRESSIVE;
				CLANG_CXX_LANGUAGE_STANDARD = "gnu++20";
				CLANG_ENABLE_MODULES = YES;
				CLANG_ENABLE_OBJC_ARC = YES;
				CLANG_ENABLE_OBJC_WEAK = YES;
				CLANG_WARN_BLOCK_CAPTURE_AUTORELEASING = YES;
				CLANG_WARN_BOOL_CONVERSION = YES;
				CLANG_WARN_COMMA = YES;
				CLANG_WARN_CONSTANT_CONVERSION = YES;
				CLANG_WARN_DEPRECATED_OBJC_IMPLEMENTATIONS = YES;
				CLANG_WARN_DIRECT_OBJC_ISA_USAGE = YES_ERROR;
				CLANG_WARN_DOCUMENTATION_COMMENTS = YES;
				CLANG_WARN_EMPTY_BODY = YES;
				CLANG_WARN_ENUM_CONVERSION = YES;
				CLANG_WARN_INFINITE_RECURSION = YES;
				CLANG_WARN_INT_CONVERSION = YES;
				CLANG_WARN_NON_LITERAL_NULL_CONVERSION = YES;
				CLANG_WARN_OBJC_IMPLICIT_RETAIN_SELF = YES;
				CLANG_WARN_OBJC_LITERAL_CONVERSION = YES;
				CLANG_WARN_OBJC_ROOT_CLASS = YES_ERROR;
				CLANG_WARN_QUOTED_INCLUDE_IN_FRAMEWORK_HEADER = YES;
				CLANG_WARN_RANGE_LOOP_ANALYSIS = YES;
				CLANG_WARN_STRICT_PROTOTYPES = YES;
				CLANG_WARN_SUSPICIOUS_MOVE = YES;
				CLANG_WARN_UNGUARDED_AVAILABILITY = YES_AGGRESSIVE;
				CLANG_WARN_UNREACHABLE_CODE = YES;
				CLANG_WARN__DUPLICATE_METHOD_MATCH = YES;
				COPY_PHASE_STRIP = NO;
				DEBUG_INFORMATION_FORMAT = "dwarf-with-dsym";
				ENABLE_NS_ASSERTIONS = NO;
				ENABLE_STRICT_OBJC_MSGSEND = YES;
				ENABLE_USER_SCRIPT_SANDBOXING = YES;
				GCC_C_LANGUAGE_STANDARD = gnu17;
				GCC_NO_COMMON_BLOCKS = YES;
				GCC_WARN_64_TO_32_BIT_CONVERSION = YES;
				GCC_WARN_ABOUT_RETURN_TYPE = YES_ERROR;
				GCC_WARN_UNDECLARED_SELECTOR = YES;
				GCC_WARN_UNINITIALIZED_AUTOS = YES_AGGRESSIVE;
				GCC_WARN_UNUSED_FUNCTION = YES;
				GCC_WARN_UNUSED_VARIABLE = YES;
				IPHONEOS_DEPLOYMENT_TARGET = 17.4;
				LOCALIZATION_PREFERS_STRING_CATALOGS = YES;
				MTL_ENABLE_DEBUG_INFO = NO;
				MTL_FAST_MATH = YES;
				SDKROOT = iphoneos;
				SWIFT_COMPILATION_MODE = wholemodule;
				VALIDATE_PRODUCT = YES;
			};
			name = Release;
		};
		01C362B72C34178800D8ED61 /* Debug */ = {
			isa = XCBuildConfiguration;
			buildSettings = {
				ASSETCATALOG_COMPILER_APPICON_NAME = AppIcon;
				ASSETCATALOG_COMPILER_GLOBAL_ACCENT_COLOR_NAME = AccentColor;
				CODE_SIGN_STYLE = Automatic;
				CURRENT_PROJECT_VERSION = 1;
				DEVELOPMENT_TEAM = 7S6PH8TVFD;
				GENERATE_INFOPLIST_FILE = YES;
				INFOPLIST_FILE = Reminder/Info.plist;
				INFOPLIST_KEY_UIApplicationSupportsIndirectInputEvents = YES;
				INFOPLIST_KEY_UILaunchStoryboardName = LaunchScreen;
				INFOPLIST_KEY_UISupportedInterfaceOrientations = UIInterfaceOrientationPortrait;
				INFOPLIST_KEY_UISupportedInterfaceOrientations_iPad = "UIInterfaceOrientationLandscapeLeft UIInterfaceOrientationLandscapeRight UIInterfaceOrientationPortrait UIInterfaceOrientationPortraitUpsideDown";
				LD_RUNPATH_SEARCH_PATHS = (
					"$(inherited)",
					"@executable_path/Frameworks",
				);
				MARKETING_VERSION = 1.0;
				PRODUCT_BUNDLE_IDENTIFIER = com.seokho.Reminder;
				PRODUCT_NAME = "$(TARGET_NAME)";
				SUPPORTED_PLATFORMS = "iphoneos iphonesimulator";
				SUPPORTS_MACCATALYST = NO;
				SUPPORTS_MAC_DESIGNED_FOR_IPHONE_IPAD = NO;
				SUPPORTS_XR_DESIGNED_FOR_IPHONE_IPAD = NO;
				SWIFT_EMIT_LOC_STRINGS = YES;
				SWIFT_VERSION = 5.0;
				TARGETED_DEVICE_FAMILY = 1;
			};
			name = Debug;
		};
		01C362B82C34178800D8ED61 /* Release */ = {
			isa = XCBuildConfiguration;
			buildSettings = {
				ASSETCATALOG_COMPILER_APPICON_NAME = AppIcon;
				ASSETCATALOG_COMPILER_GLOBAL_ACCENT_COLOR_NAME = AccentColor;
				CODE_SIGN_STYLE = Automatic;
				CURRENT_PROJECT_VERSION = 1;
				DEVELOPMENT_TEAM = 7S6PH8TVFD;
				GENERATE_INFOPLIST_FILE = YES;
				INFOPLIST_FILE = Reminder/Info.plist;
				INFOPLIST_KEY_UIApplicationSupportsIndirectInputEvents = YES;
				INFOPLIST_KEY_UILaunchStoryboardName = LaunchScreen;
				INFOPLIST_KEY_UISupportedInterfaceOrientations = UIInterfaceOrientationPortrait;
				INFOPLIST_KEY_UISupportedInterfaceOrientations_iPad = "UIInterfaceOrientationLandscapeLeft UIInterfaceOrientationLandscapeRight UIInterfaceOrientationPortrait UIInterfaceOrientationPortraitUpsideDown";
				LD_RUNPATH_SEARCH_PATHS = (
					"$(inherited)",
					"@executable_path/Frameworks",
				);
				MARKETING_VERSION = 1.0;
				PRODUCT_BUNDLE_IDENTIFIER = com.seokho.Reminder;
				PRODUCT_NAME = "$(TARGET_NAME)";
				SUPPORTED_PLATFORMS = "iphoneos iphonesimulator";
				SUPPORTS_MACCATALYST = NO;
				SUPPORTS_MAC_DESIGNED_FOR_IPHONE_IPAD = NO;
				SUPPORTS_XR_DESIGNED_FOR_IPHONE_IPAD = NO;
				SWIFT_EMIT_LOC_STRINGS = YES;
				SWIFT_VERSION = 5.0;
				TARGETED_DEVICE_FAMILY = 1;
			};
			name = Release;
		};
/* End XCBuildConfiguration section */

/* Begin XCConfigurationList section */
		01C3629D2C34178600D8ED61 /* Build configuration list for PBXProject "Reminder" */ = {
			isa = XCConfigurationList;
			buildConfigurations = (
				01C362B42C34178800D8ED61 /* Debug */,
				01C362B52C34178800D8ED61 /* Release */,
			);
			defaultConfigurationIsVisible = 0;
			defaultConfigurationName = Release;
		};
		01C362B62C34178800D8ED61 /* Build configuration list for PBXNativeTarget "Reminder" */ = {
			isa = XCConfigurationList;
			buildConfigurations = (
				01C362B72C34178800D8ED61 /* Debug */,
				01C362B82C34178800D8ED61 /* Release */,
			);
			defaultConfigurationIsVisible = 0;
			defaultConfigurationName = Release;
		};
/* End XCConfigurationList section */

/* Begin XCRemoteSwiftPackageReference section */
		01C362BB2C34190000D8ED61 /* XCRemoteSwiftPackageReference "SnapKit" */ = {
			isa = XCRemoteSwiftPackageReference;
			repositoryURL = "https://github.com/SnapKit/SnapKit";
			requirement = {
				kind = upToNextMajorVersion;
				minimumVersion = 5.7.1;
			};
		};
		01C362BE2C34192400D8ED61 /* XCRemoteSwiftPackageReference "realm-swift" */ = {
			isa = XCRemoteSwiftPackageReference;
			repositoryURL = "https://github.com/realm/realm-swift.git";
			requirement = {
				kind = exactVersion;
				version = 10.52.1;
			};
		};
/* End XCRemoteSwiftPackageReference section */

/* Begin XCSwiftPackageProductDependency section */
		01C362BC2C34190000D8ED61 /* SnapKit */ = {
			isa = XCSwiftPackageProductDependency;
			package = 01C362BB2C34190000D8ED61 /* XCRemoteSwiftPackageReference "SnapKit" */;
			productName = SnapKit;
		};
		01C362BF2C34192400D8ED61 /* RealmSwift */ = {
			isa = XCSwiftPackageProductDependency;
			package = 01C362BE2C34192400D8ED61 /* XCRemoteSwiftPackageReference "realm-swift" */;
			productName = RealmSwift;
		};
/* End XCSwiftPackageProductDependency section */
	};
	rootObject = 01C3629A2C34178600D8ED61 /* Project object */;
}
